PODS:
  - AFNetworking (3.1.0):
    - AFNetworking/NSURLSession (= 3.1.0)
    - AFNetworking/Reachability (= 3.1.0)
    - AFNetworking/Security (= 3.1.0)
    - AFNetworking/Serialization (= 3.1.0)
    - AFNetworking/UIKit (= 3.1.0)
  - AFNetworking/NSURLSession (3.1.0):
    - AFNetworking/Reachability
    - AFNetworking/Security
    - AFNetworking/Serialization
  - AFNetworking/Reachability (3.1.0)
  - AFNetworking/Security (3.1.0)
  - AFNetworking/Serialization (3.1.0)
  - AFNetworking/UIKit (3.1.0):
    - AFNetworking/NSURLSession
  - FBRetainCycleDetector (0.1.4)
  - FGGDownloader (1.1)
  - Masonry (0.6.4)
  - MBProgressHUD (1.0.0)
  - MLeaksFinder (1.0.0):
    - FBRetainCycleDetector
  - Reachability (3.2)
  - SDWebImage (3.8.1):
    - SDWebImage/Core (= 3.8.1)
  - SDWebImage/Core (3.8.1)
  - TCBlobDownload (2.1.1)

DEPENDENCIES:
  - AFNetworking
  - FGGDownloader (= 1.1)
  - Masonry
  - MBProgressHUD
  - MLeaksFinder
  - Reachability
  - SDWebImage
  - TCBlobDownload

SPEC REPOS:
  trunk:
    - AFNetworking
    - FBRetainCycleDetector
    - FGGDownloader
    - Masonry
    - MBProgressHUD
    - MLeaksFinder
    - Reachability
    - SDWebImage
    - TCBlobDownload

SPEC CHECKSUMS:
  AFNetworking: 5e0e199f73d8626b11e79750991f5d173d1f8b67
  FBRetainCycleDetector: 46f8179bbb1c587deee3ea838a1a3ee02acf5015
  FGGDownloader: 07ef5664622674fb745f76c5a19094f1f7323bef
  Masonry: 281802d04d787ea2973179ee8bcb50500579ede2
  MBProgressHUD: 4890f671c94e8a0f3cf959aa731e9de2f036d71a
  MLeaksFinder: 8c435bd2f6d070af18cff082b503b21adc130fc0
  Reachability: 33e18b67625424e47b6cde6d202dce689ad7af96
  SDWebImage: 35f9627a3e44b4f292a8a8ce6a531fa488239b91
  TCBlobDownload: 8726f054cc00bb5f66a57bb0c99764842dfa5c9f

PODFILE CHECKSUM: f0359dd1d9d8c8e9a7b62251c10d48fdce30b9f7

COCOAPODS: 1.9.1
