// !$*UTF8*$!
{
	archiveVersion = 1;
	classes = {
	};
	objectVersion = 46;
	objects = {

/* Begin PBXBuildFile section */
		0C345FC42DD11146081A1C2F /* libPods.a in Frameworks */ = {isa = PBXBuildFile; fileRef = F982FE7706B49FEBEC22B17A /* libPods.a */; };
		4B0286461D805466003E9195 /* PlayerProgressView.m in Sources */ = {isa = PBXBuildFile; fileRef = 4B0286431D805466003E9195 /* PlayerProgressView.m */; };
		4B0286471D805466003E9195 /* VideoPlayController.m in Sources */ = {isa = PBXBuildFile; fileRef = 4B0286451D805466003E9195 /* VideoPlayController.m */; };
		4B02864A1D805489003E9195 /* VideoDemoController.m in Sources */ = {isa = PBXBuildFile; fileRef = 4B0286491D805489003E9195 /* VideoDemoController.m */; };
		4B02864D1D8056BE003E9195 /* TimeTool.m in Sources */ = {isa = PBXBuildFile; fileRef = 4B02864C1D8056BE003E9195 /* TimeTool.m */; };
		4B0286541D805A7B003E9195 /* RollingCircleView.m in Sources */ = {isa = PBXBuildFile; fileRef = 4B0286511D805A7B003E9195 /* RollingCircleView.m */; };
		4B0286551D805A7B003E9195 /* RollingItemView.m in Sources */ = {isa = PBXBuildFile; fileRef = 4B0286531D805A7B003E9195 /* RollingItemView.m */; };
		4B0286581D805A93003E9195 /* HaveMarginScrollController.m in Sources */ = {isa = PBXBuildFile; fileRef = 4B0286571D805A93003E9195 /* HaveMarginScrollController.m */; };
		9A03DCEF1F00D3A600A31263 /* RunTimeController.m in Sources */ = {isa = PBXBuildFile; fileRef = 9A03DCEE1F00D3A600A31263 /* RunTimeController.m */; };
		9A03DCF21F00D75E00A31263 /* UIImage+UIImage_extention.m in Sources */ = {isa = PBXBuildFile; fileRef = 9A03DCF11F00D75E00A31263 /* UIImage+UIImage_extention.m */; };
		9A03DCF51F00E2F100A31263 /* Student.m in Sources */ = {isa = PBXBuildFile; fileRef = 9A03DCF41F00E2F100A31263 /* Student.m */; };
		9A03DCF81F00E9FA00A31263 /* UIImageView+testExtension.m in Sources */ = {isa = PBXBuildFile; fileRef = 9A03DCF71F00E9FA00A31263 /* UIImageView+testExtension.m */; };
		9A27BADC1EA70A5C00690EEB /* MCRadarChartView.m in Sources */ = {isa = PBXBuildFile; fileRef = 9A27BAD51EA70A5C00690EEB /* MCRadarChartView.m */; };
		9A27BADD1EA70A5C00690EEB /* MCRadarLayer.m in Sources */ = {isa = PBXBuildFile; fileRef = 9A27BAD71EA70A5C00690EEB /* MCRadarLayer.m */; };
		9A27BADE1EA70A5C00690EEB /* RadarView.m in Sources */ = {isa = PBXBuildFile; fileRef = 9A27BAD91EA70A5C00690EEB /* RadarView.m */; };
		9A27BADF1EA70A5C00690EEB /* RCTRadarManager.m in Sources */ = {isa = PBXBuildFile; fileRef = 9A27BADB1EA70A5C00690EEB /* RCTRadarManager.m */; };
		9A7EB4501E5437AE0084AC49 /* HeaderSelectView.m in Sources */ = {isa = PBXBuildFile; fileRef = 9A7EB44F1E5437AE0084AC49 /* HeaderSelectView.m */; };
		9A7EB4561E543B960084AC49 /* SubclassController.m in Sources */ = {isa = PBXBuildFile; fileRef = 9A7EB4551E543B960084AC49 /* SubclassController.m */; };
		9A7EB45D1E5459B90084AC49 /* WaveAnimationController.m in Sources */ = {isa = PBXBuildFile; fileRef = 9A7EB45C1E5459B90084AC49 /* WaveAnimationController.m */; };
		9A7EB4601E545E470084AC49 /* WaveView.m in Sources */ = {isa = PBXBuildFile; fileRef = 9A7EB45F1E545E470084AC49 /* WaveView.m */; };
		9AAE83AB1EF23C1900396119 /* EditCellController.m in Sources */ = {isa = PBXBuildFile; fileRef = 9AAE83AA1EF23C1900396119 /* EditCellController.m */; };
		9AAE83AE1EF259DA00396119 /* EditCell.m in Sources */ = {isa = PBXBuildFile; fileRef = 9AAE83AD1EF259DA00396119 /* EditCell.m */; };
		9AB0638F1D7D404400AAEED5 /* main.m in Sources */ = {isa = PBXBuildFile; fileRef = 9AB0638E1D7D404400AAEED5 /* main.m */; };
		9AB063921D7D404400AAEED5 /* AppDelegate.m in Sources */ = {isa = PBXBuildFile; fileRef = 9AB063911D7D404400AAEED5 /* AppDelegate.m */; };
		9AB063981D7D404400AAEED5 /* Main.storyboard in Resources */ = {isa = PBXBuildFile; fileRef = 9AB063961D7D404400AAEED5 /* Main.storyboard */; };
		9AB0639B1D7D404400AAEED5 /* WKFAllMyDemos.xcdatamodeld in Sources */ = {isa = PBXBuildFile; fileRef = 9AB063991D7D404400AAEED5 /* WKFAllMyDemos.xcdatamodeld */; };
		9AB0639D1D7D404400AAEED5 /* Assets.xcassets in Resources */ = {isa = PBXBuildFile; fileRef = 9AB0639C1D7D404400AAEED5 /* Assets.xcassets */; };
		9AB063A01D7D404400AAEED5 /* LaunchScreen.storyboard in Resources */ = {isa = PBXBuildFile; fileRef = 9AB0639E1D7D404400AAEED5 /* LaunchScreen.storyboard */; };
		9AB063AB1D7D404500AAEED5 /* WKFAllMyDemosTests.m in Sources */ = {isa = PBXBuildFile; fileRef = 9AB063AA1D7D404500AAEED5 /* WKFAllMyDemosTests.m */; };
		9AB063B61D7D404500AAEED5 /* WKFAllMyDemosUITests.m in Sources */ = {isa = PBXBuildFile; fileRef = 9AB063B51D7D404500AAEED5 /* WKFAllMyDemosUITests.m */; };
		9AB063C61D7D445C00AAEED5 /* ViewController.m in Sources */ = {isa = PBXBuildFile; fileRef = 9AB063C51D7D445C00AAEED5 /* ViewController.m */; };
		9AB063C91D7D447F00AAEED5 /* HomeModel.m in Sources */ = {isa = PBXBuildFile; fileRef = 9AB063C81D7D447F00AAEED5 /* HomeModel.m */; };
		9AB063CC1D7D490900AAEED5 /* HomeCell.m in Sources */ = {isa = PBXBuildFile; fileRef = 9AB063CB1D7D490900AAEED5 /* HomeCell.m */; };
		9AB063D11D7D706800AAEED5 /* MarqueeController.m in Sources */ = {isa = PBXBuildFile; fileRef = 9AB063D01D7D706800AAEED5 /* MarqueeController.m */; };
		9AB063D41D7D709F00AAEED5 /* NavigationTitleView.m in Sources */ = {isa = PBXBuildFile; fileRef = 9AB063D31D7D709F00AAEED5 /* NavigationTitleView.m */; };
		9AB063DC1D7D786800AAEED5 /* UIView+WKFFrame.m in Sources */ = {isa = PBXBuildFile; fileRef = 9AB063DB1D7D786800AAEED5 /* UIView+WKFFrame.m */; };
		9AB063E01D7D788F00AAEED5 /* ImageSizeTool.m in Sources */ = {isa = PBXBuildFile; fileRef = 9AB063DF1D7D788F00AAEED5 /* ImageSizeTool.m */; };
		9AB0D66C1D7E5A11007E7CBD /* SuperController.m in Sources */ = {isa = PBXBuildFile; fileRef = 9AB0D66B1D7E5A11007E7CBD /* SuperController.m */; };
		9AB0D6751D7E5D07007E7CBD /* MyCarCell.m in Sources */ = {isa = PBXBuildFile; fileRef = 9AB0D6701D7E5D07007E7CBD /* MyCarCell.m */; };
		9AB0D6761D7E5D07007E7CBD /* MyCarsView.m in Sources */ = {isa = PBXBuildFile; fileRef = 9AB0D6721D7E5D07007E7CBD /* MyCarsView.m */; };
		9AB0D6771D7E5D07007E7CBD /* MyLabel.m in Sources */ = {isa = PBXBuildFile; fileRef = 9AB0D6741D7E5D07007E7CBD /* MyLabel.m */; };
		9AB0D67D1D7E5D14007E7CBD /* MyCarGroupModel.m in Sources */ = {isa = PBXBuildFile; fileRef = 9AB0D67A1D7E5D14007E7CBD /* MyCarGroupModel.m */; };
		9AB0D67E1D7E5D14007E7CBD /* MyCarModel.m in Sources */ = {isa = PBXBuildFile; fileRef = 9AB0D67C1D7E5D14007E7CBD /* MyCarModel.m */; };
		9AB0D6821D7E5D48007E7CBD /* AlphabetController.m in Sources */ = {isa = PBXBuildFile; fileRef = 9AB0D6811D7E5D48007E7CBD /* AlphabetController.m */; };
		9AB0D6841D7E5E1F007E7CBD /* cars_total.plist in Resources */ = {isa = PBXBuildFile; fileRef = 9AB0D6831D7E5E1F007E7CBD /* cars_total.plist */; };
		9AB7AEBF1D7FA8F2002E22BF /* WKFCircularSlidingView.m in Sources */ = {isa = PBXBuildFile; fileRef = 9AB7AEBE1D7FA8F2002E22BF /* WKFCircularSlidingView.m */; };
		9AB7AEC21D7FA935002E22BF /* NoMarginScrollController.m in Sources */ = {isa = PBXBuildFile; fileRef = 9AB7AEC11D7FA935002E22BF /* NoMarginScrollController.m */; };
		9AC55D7C1E66990100510131 /* MoveAnimateController.m in Sources */ = {isa = PBXBuildFile; fileRef = 9AC55D7B1E66990100510131 /* MoveAnimateController.m */; };
		9AC55D7F1E669BB600510131 /* CurveView.m in Sources */ = {isa = PBXBuildFile; fileRef = 9AC55D7E1E669BB600510131 /* CurveView.m */; };
/* End PBXBuildFile section */

/* Begin PBXContainerItemProxy section */
		9AB063A71D7D404500AAEED5 /* PBXContainerItemProxy */ = {
			isa = PBXContainerItemProxy;
			containerPortal = 9AB063821D7D404400AAEED5 /* Project object */;
			proxyType = 1;
			remoteGlobalIDString = 9AB063891D7D404400AAEED5;
			remoteInfo = WKFAllMyDemos;
		};
		9AB063B21D7D404500AAEED5 /* PBXContainerItemProxy */ = {
			isa = PBXContainerItemProxy;
			containerPortal = 9AB063821D7D404400AAEED5 /* Project object */;
			proxyType = 1;
			remoteGlobalIDString = 9AB063891D7D404400AAEED5;
			remoteInfo = WKFAllMyDemos;
		};
/* End PBXContainerItemProxy section */

/* Begin PBXFileReference section */
		4B0286421D805466003E9195 /* PlayerProgressView.h */ = {isa = PBXFileReference; fileEncoding = 4; lastKnownFileType = sourcecode.c.h; path = PlayerProgressView.h; sourceTree = "<group>"; };
		4B0286431D805466003E9195 /* PlayerProgressView.m */ = {isa = PBXFileReference; fileEncoding = 4; lastKnownFileType = sourcecode.c.objc; path = PlayerProgressView.m; sourceTree = "<group>"; };
		4B0286441D805466003E9195 /* VideoPlayController.h */ = {isa = PBXFileReference; fileEncoding = 4; lastKnownFileType = sourcecode.c.h; path = VideoPlayController.h; sourceTree = "<group>"; };
		4B0286451D805466003E9195 /* VideoPlayController.m */ = {isa = PBXFileReference; fileEncoding = 4; lastKnownFileType = sourcecode.c.objc; path = VideoPlayController.m; sourceTree = "<group>"; };
		4B0286481D805489003E9195 /* VideoDemoController.h */ = {isa = PBXFileReference; fileEncoding = 4; lastKnownFileType = sourcecode.c.h; path = VideoDemoController.h; sourceTree = "<group>"; };
		4B0286491D805489003E9195 /* VideoDemoController.m */ = {isa = PBXFileReference; fileEncoding = 4; lastKnownFileType = sourcecode.c.objc; path = VideoDemoController.m; sourceTree = "<group>"; };
		4B02864B1D8056BE003E9195 /* TimeTool.h */ = {isa = PBXFileReference; fileEncoding = 4; lastKnownFileType = sourcecode.c.h; path = TimeTool.h; sourceTree = "<group>"; };
		4B02864C1D8056BE003E9195 /* TimeTool.m */ = {isa = PBXFileReference; fileEncoding = 4; lastKnownFileType = sourcecode.c.objc; path = TimeTool.m; sourceTree = "<group>"; };
		4B0286501D805A7B003E9195 /* RollingCircleView.h */ = {isa = PBXFileReference; fileEncoding = 4; lastKnownFileType = sourcecode.c.h; path = RollingCircleView.h; sourceTree = "<group>"; };
		4B0286511D805A7B003E9195 /* RollingCircleView.m */ = {isa = PBXFileReference; fileEncoding = 4; lastKnownFileType = sourcecode.c.objc; path = RollingCircleView.m; sourceTree = "<group>"; };
		4B0286521D805A7B003E9195 /* RollingItemView.h */ = {isa = PBXFileReference; fileEncoding = 4; lastKnownFileType = sourcecode.c.h; path = RollingItemView.h; sourceTree = "<group>"; };
		4B0286531D805A7B003E9195 /* RollingItemView.m */ = {isa = PBXFileReference; fileEncoding = 4; lastKnownFileType = sourcecode.c.objc; path = RollingItemView.m; sourceTree = "<group>"; };
		4B0286561D805A93003E9195 /* HaveMarginScrollController.h */ = {isa = PBXFileReference; fileEncoding = 4; lastKnownFileType = sourcecode.c.h; path = HaveMarginScrollController.h; sourceTree = "<group>"; };
		4B0286571D805A93003E9195 /* HaveMarginScrollController.m */ = {isa = PBXFileReference; fileEncoding = 4; lastKnownFileType = sourcecode.c.objc; path = HaveMarginScrollController.m; sourceTree = "<group>"; };
		6FE3717741DD1FD8256D894B /* Pods.release.xcconfig */ = {isa = PBXFileReference; includeInIndex = 1; lastKnownFileType = text.xcconfig; name = Pods.release.xcconfig; path = "Pods/Target Support Files/Pods/Pods.release.xcconfig"; sourceTree = "<group>"; };
		7570CE0B42E63E3E6DC8A580 /* Pods.debug.xcconfig */ = {isa = PBXFileReference; includeInIndex = 1; lastKnownFileType = text.xcconfig; name = Pods.debug.xcconfig; path = "Pods/Target Support Files/Pods/Pods.debug.xcconfig"; sourceTree = "<group>"; };
		9A03DCED1F00D3A600A31263 /* RunTimeController.h */ = {isa = PBXFileReference; fileEncoding = 4; lastKnownFileType = sourcecode.c.h; path = RunTimeController.h; sourceTree = "<group>"; };
		9A03DCEE1F00D3A600A31263 /* RunTimeController.m */ = {isa = PBXFileReference; fileEncoding = 4; lastKnownFileType = sourcecode.c.objc; path = RunTimeController.m; sourceTree = "<group>"; };
		9A03DCF01F00D75E00A31263 /* UIImage+UIImage_extention.h */ = {isa = PBXFileReference; fileEncoding = 4; lastKnownFileType = sourcecode.c.h; path = "UIImage+UIImage_extention.h"; sourceTree = "<group>"; };
		9A03DCF11F00D75E00A31263 /* UIImage+UIImage_extention.m */ = {isa = PBXFileReference; fileEncoding = 4; lastKnownFileType = sourcecode.c.objc; path = "UIImage+UIImage_extention.m"; sourceTree = "<group>"; };
		9A03DCF31F00E2F100A31263 /* Student.h */ = {isa = PBXFileReference; fileEncoding = 4; lastKnownFileType = sourcecode.c.h; path = Student.h; sourceTree = "<group>"; };
		9A03DCF41F00E2F100A31263 /* Student.m */ = {isa = PBXFileReference; fileEncoding = 4; lastKnownFileType = sourcecode.c.objc; path = Student.m; sourceTree = "<group>"; };
		9A03DCF61F00E9FA00A31263 /* UIImageView+testExtension.h */ = {isa = PBXFileReference; fileEncoding = 4; lastKnownFileType = sourcecode.c.h; path = "UIImageView+testExtension.h"; sourceTree = "<group>"; };
		9A03DCF71F00E9FA00A31263 /* UIImageView+testExtension.m */ = {isa = PBXFileReference; fileEncoding = 4; lastKnownFileType = sourcecode.c.objc; path = "UIImageView+testExtension.m"; sourceTree = "<group>"; };
		9A27BAD41EA70A5C00690EEB /* MCRadarChartView.h */ = {isa = PBXFileReference; fileEncoding = 4; lastKnownFileType = sourcecode.c.h; path = MCRadarChartView.h; sourceTree = "<group>"; };
		9A27BAD51EA70A5C00690EEB /* MCRadarChartView.m */ = {isa = PBXFileReference; fileEncoding = 4; lastKnownFileType = sourcecode.c.objc; path = MCRadarChartView.m; sourceTree = "<group>"; };
		9A27BAD61EA70A5C00690EEB /* MCRadarLayer.h */ = {isa = PBXFileReference; fileEncoding = 4; lastKnownFileType = sourcecode.c.h; path = MCRadarLayer.h; sourceTree = "<group>"; };
		9A27BAD71EA70A5C00690EEB /* MCRadarLayer.m */ = {isa = PBXFileReference; fileEncoding = 4; lastKnownFileType = sourcecode.c.objc; path = MCRadarLayer.m; sourceTree = "<group>"; };
		9A27BAD81EA70A5C00690EEB /* RadarView.h */ = {isa = PBXFileReference; fileEncoding = 4; lastKnownFileType = sourcecode.c.h; path = RadarView.h; sourceTree = "<group>"; };
		9A27BAD91EA70A5C00690EEB /* RadarView.m */ = {isa = PBXFileReference; fileEncoding = 4; lastKnownFileType = sourcecode.c.objc; path = RadarView.m; sourceTree = "<group>"; };
		9A27BADA1EA70A5C00690EEB /* RCTRadarManager.h */ = {isa = PBXFileReference; fileEncoding = 4; lastKnownFileType = sourcecode.c.h; path = RCTRadarManager.h; sourceTree = "<group>"; };
		9A27BADB1EA70A5C00690EEB /* RCTRadarManager.m */ = {isa = PBXFileReference; fileEncoding = 4; lastKnownFileType = sourcecode.c.objc; path = RCTRadarManager.m; sourceTree = "<group>"; };
		9A7EB44E1E5437AE0084AC49 /* HeaderSelectView.h */ = {isa = PBXFileReference; fileEncoding = 4; lastKnownFileType = sourcecode.c.h; path = HeaderSelectView.h; sourceTree = "<group>"; };
		9A7EB44F1E5437AE0084AC49 /* HeaderSelectView.m */ = {isa = PBXFileReference; fileEncoding = 4; lastKnownFileType = sourcecode.c.objc; path = HeaderSelectView.m; sourceTree = "<group>"; };
		9A7EB4541E543B960084AC49 /* SubclassController.h */ = {isa = PBXFileReference; fileEncoding = 4; lastKnownFileType = sourcecode.c.h; path = SubclassController.h; sourceTree = "<group>"; };
		9A7EB4551E543B960084AC49 /* SubclassController.m */ = {isa = PBXFileReference; fileEncoding = 4; lastKnownFileType = sourcecode.c.objc; path = SubclassController.m; sourceTree = "<group>"; };
		9A7EB45B1E5459B90084AC49 /* WaveAnimationController.h */ = {isa = PBXFileReference; fileEncoding = 4; lastKnownFileType = sourcecode.c.h; path = WaveAnimationController.h; sourceTree = "<group>"; };
		9A7EB45C1E5459B90084AC49 /* WaveAnimationController.m */ = {isa = PBXFileReference; fileEncoding = 4; lastKnownFileType = sourcecode.c.objc; path = WaveAnimationController.m; sourceTree = "<group>"; };
		9A7EB45E1E545E470084AC49 /* WaveView.h */ = {isa = PBXFileReference; fileEncoding = 4; lastKnownFileType = sourcecode.c.h; path = WaveView.h; sourceTree = "<group>"; };
		9A7EB45F1E545E470084AC49 /* WaveView.m */ = {isa = PBXFileReference; fileEncoding = 4; lastKnownFileType = sourcecode.c.objc; path = WaveView.m; sourceTree = "<group>"; };
		9AAE83A91EF23C1900396119 /* EditCellController.h */ = {isa = PBXFileReference; fileEncoding = 4; lastKnownFileType = sourcecode.c.h; path = EditCellController.h; sourceTree = "<group>"; };
		9AAE83AA1EF23C1900396119 /* EditCellController.m */ = {isa = PBXFileReference; fileEncoding = 4; lastKnownFileType = sourcecode.c.objc; path = EditCellController.m; sourceTree = "<group>"; };
		9AAE83AC1EF259DA00396119 /* EditCell.h */ = {isa = PBXFileReference; fileEncoding = 4; lastKnownFileType = sourcecode.c.h; path = EditCell.h; sourceTree = "<group>"; };
		9AAE83AD1EF259DA00396119 /* EditCell.m */ = {isa = PBXFileReference; fileEncoding = 4; lastKnownFileType = sourcecode.c.objc; path = EditCell.m; sourceTree = "<group>"; };
		9AB0638A1D7D404400AAEED5 /* WKFAllMyDemos.app */ = {isa = PBXFileReference; explicitFileType = wrapper.application; includeInIndex = 0; path = WKFAllMyDemos.app; sourceTree = BUILT_PRODUCTS_DIR; };
		9AB0638E1D7D404400AAEED5 /* main.m */ = {isa = PBXFileReference; lastKnownFileType = sourcecode.c.objc; path = main.m; sourceTree = "<group>"; };
		9AB063901D7D404400AAEED5 /* AppDelegate.h */ = {isa = PBXFileReference; lastKnownFileType = sourcecode.c.h; path = AppDelegate.h; sourceTree = "<group>"; };
		9AB063911D7D404400AAEED5 /* AppDelegate.m */ = {isa = PBXFileReference; lastKnownFileType = sourcecode.c.objc; path = AppDelegate.m; sourceTree = "<group>"; };
		9AB063971D7D404400AAEED5 /* Base */ = {isa = PBXFileReference; lastKnownFileType = file.storyboard; name = Base; path = Base.lproj/Main.storyboard; sourceTree = "<group>"; };
		9AB0639A1D7D404400AAEED5 /* WKFAllMyDemos.xcdatamodel */ = {isa = PBXFileReference; lastKnownFileType = wrapper.xcdatamodel; path = WKFAllMyDemos.xcdatamodel; sourceTree = "<group>"; };
		9AB0639C1D7D404400AAEED5 /* Assets.xcassets */ = {isa = PBXFileReference; lastKnownFileType = folder.assetcatalog; path = Assets.xcassets; sourceTree = "<group>"; };
		9AB0639F1D7D404400AAEED5 /* Base */ = {isa = PBXFileReference; lastKnownFileType = file.storyboard; name = Base; path = Base.lproj/LaunchScreen.storyboard; sourceTree = "<group>"; };
		9AB063A11D7D404400AAEED5 /* Info.plist */ = {isa = PBXFileReference; lastKnownFileType = text.plist.xml; path = Info.plist; sourceTree = "<group>"; };
		9AB063A61D7D404500AAEED5 /* WKFAllMyDemosTests.xctest */ = {isa = PBXFileReference; explicitFileType = wrapper.cfbundle; includeInIndex = 0; path = WKFAllMyDemosTests.xctest; sourceTree = BUILT_PRODUCTS_DIR; };
		9AB063AA1D7D404500AAEED5 /* WKFAllMyDemosTests.m */ = {isa = PBXFileReference; lastKnownFileType = sourcecode.c.objc; path = WKFAllMyDemosTests.m; sourceTree = "<group>"; };
		9AB063AC1D7D404500AAEED5 /* Info.plist */ = {isa = PBXFileReference; lastKnownFileType = text.plist.xml; path = Info.plist; sourceTree = "<group>"; };
		9AB063B11D7D404500AAEED5 /* WKFAllMyDemosUITests.xctest */ = {isa = PBXFileReference; explicitFileType = wrapper.cfbundle; includeInIndex = 0; path = WKFAllMyDemosUITests.xctest; sourceTree = BUILT_PRODUCTS_DIR; };
		9AB063B51D7D404500AAEED5 /* WKFAllMyDemosUITests.m */ = {isa = PBXFileReference; lastKnownFileType = sourcecode.c.objc; path = WKFAllMyDemosUITests.m; sourceTree = "<group>"; };
		9AB063B71D7D404500AAEED5 /* Info.plist */ = {isa = PBXFileReference; lastKnownFileType = text.plist.xml; path = Info.plist; sourceTree = "<group>"; };
		9AB063C41D7D445C00AAEED5 /* ViewController.h */ = {isa = PBXFileReference; fileEncoding = 4; lastKnownFileType = sourcecode.c.h; path = ViewController.h; sourceTree = "<group>"; };
		9AB063C51D7D445C00AAEED5 /* ViewController.m */ = {isa = PBXFileReference; fileEncoding = 4; lastKnownFileType = sourcecode.c.objc; path = ViewController.m; sourceTree = "<group>"; };
		9AB063C71D7D447F00AAEED5 /* HomeModel.h */ = {isa = PBXFileReference; fileEncoding = 4; lastKnownFileType = sourcecode.c.h; path = HomeModel.h; sourceTree = "<group>"; };
		9AB063C81D7D447F00AAEED5 /* HomeModel.m */ = {isa = PBXFileReference; fileEncoding = 4; lastKnownFileType = sourcecode.c.objc; path = HomeModel.m; sourceTree = "<group>"; };
		9AB063CA1D7D490900AAEED5 /* HomeCell.h */ = {isa = PBXFileReference; fileEncoding = 4; lastKnownFileType = sourcecode.c.h; path = HomeCell.h; sourceTree = "<group>"; };
		9AB063CB1D7D490900AAEED5 /* HomeCell.m */ = {isa = PBXFileReference; fileEncoding = 4; lastKnownFileType = sourcecode.c.objc; path = HomeCell.m; sourceTree = "<group>"; };
		9AB063CD1D7D66E400AAEED5 /* AllMyDemos-PrefixHeader.pch */ = {isa = PBXFileReference; lastKnownFileType = sourcecode.c.h; path = "AllMyDemos-PrefixHeader.pch"; sourceTree = "<group>"; };
		9AB063CF1D7D706800AAEED5 /* MarqueeController.h */ = {isa = PBXFileReference; fileEncoding = 4; lastKnownFileType = sourcecode.c.h; path = MarqueeController.h; sourceTree = "<group>"; };
		9AB063D01D7D706800AAEED5 /* MarqueeController.m */ = {isa = PBXFileReference; fileEncoding = 4; lastKnownFileType = sourcecode.c.objc; path = MarqueeController.m; sourceTree = "<group>"; };
		9AB063D21D7D709F00AAEED5 /* NavigationTitleView.h */ = {isa = PBXFileReference; fileEncoding = 4; lastKnownFileType = sourcecode.c.h; path = NavigationTitleView.h; sourceTree = "<group>"; };
		9AB063D31D7D709F00AAEED5 /* NavigationTitleView.m */ = {isa = PBXFileReference; fileEncoding = 4; lastKnownFileType = sourcecode.c.objc; path = NavigationTitleView.m; sourceTree = "<group>"; };
		9AB063DA1D7D786800AAEED5 /* UIView+WKFFrame.h */ = {isa = PBXFileReference; fileEncoding = 4; lastKnownFileType = sourcecode.c.h; path = "UIView+WKFFrame.h"; sourceTree = "<group>"; };
		9AB063DB1D7D786800AAEED5 /* UIView+WKFFrame.m */ = {isa = PBXFileReference; fileEncoding = 4; lastKnownFileType = sourcecode.c.objc; path = "UIView+WKFFrame.m"; sourceTree = "<group>"; };
		9AB063DE1D7D788F00AAEED5 /* ImageSizeTool.h */ = {isa = PBXFileReference; fileEncoding = 4; lastKnownFileType = sourcecode.c.h; path = ImageSizeTool.h; sourceTree = "<group>"; };
		9AB063DF1D7D788F00AAEED5 /* ImageSizeTool.m */ = {isa = PBXFileReference; fileEncoding = 4; lastKnownFileType = sourcecode.c.objc; path = ImageSizeTool.m; sourceTree = "<group>"; };
		9AB0D66A1D7E5A11007E7CBD /* SuperController.h */ = {isa = PBXFileReference; fileEncoding = 4; lastKnownFileType = sourcecode.c.h; path = SuperController.h; sourceTree = "<group>"; };
		9AB0D66B1D7E5A11007E7CBD /* SuperController.m */ = {isa = PBXFileReference; fileEncoding = 4; lastKnownFileType = sourcecode.c.objc; path = SuperController.m; sourceTree = "<group>"; };
		9AB0D66F1D7E5D07007E7CBD /* MyCarCell.h */ = {isa = PBXFileReference; fileEncoding = 4; lastKnownFileType = sourcecode.c.h; path = MyCarCell.h; sourceTree = "<group>"; };
		9AB0D6701D7E5D07007E7CBD /* MyCarCell.m */ = {isa = PBXFileReference; fileEncoding = 4; lastKnownFileType = sourcecode.c.objc; path = MyCarCell.m; sourceTree = "<group>"; };
		9AB0D6711D7E5D07007E7CBD /* MyCarsView.h */ = {isa = PBXFileReference; fileEncoding = 4; lastKnownFileType = sourcecode.c.h; path = MyCarsView.h; sourceTree = "<group>"; };
		9AB0D6721D7E5D07007E7CBD /* MyCarsView.m */ = {isa = PBXFileReference; fileEncoding = 4; lastKnownFileType = sourcecode.c.objc; path = MyCarsView.m; sourceTree = "<group>"; };
		9AB0D6731D7E5D07007E7CBD /* MyLabel.h */ = {isa = PBXFileReference; fileEncoding = 4; lastKnownFileType = sourcecode.c.h; path = MyLabel.h; sourceTree = "<group>"; };
		9AB0D6741D7E5D07007E7CBD /* MyLabel.m */ = {isa = PBXFileReference; fileEncoding = 4; lastKnownFileType = sourcecode.c.objc; path = MyLabel.m; sourceTree = "<group>"; };
		9AB0D6791D7E5D14007E7CBD /* MyCarGroupModel.h */ = {isa = PBXFileReference; fileEncoding = 4; lastKnownFileType = sourcecode.c.h; path = MyCarGroupModel.h; sourceTree = "<group>"; };
		9AB0D67A1D7E5D14007E7CBD /* MyCarGroupModel.m */ = {isa = PBXFileReference; fileEncoding = 4; lastKnownFileType = sourcecode.c.objc; path = MyCarGroupModel.m; sourceTree = "<group>"; };
		9AB0D67B1D7E5D14007E7CBD /* MyCarModel.h */ = {isa = PBXFileReference; fileEncoding = 4; lastKnownFileType = sourcecode.c.h; path = MyCarModel.h; sourceTree = "<group>"; };
		9AB0D67C1D7E5D14007E7CBD /* MyCarModel.m */ = {isa = PBXFileReference; fileEncoding = 4; lastKnownFileType = sourcecode.c.objc; path = MyCarModel.m; sourceTree = "<group>"; };
		9AB0D6801D7E5D48007E7CBD /* AlphabetController.h */ = {isa = PBXFileReference; fileEncoding = 4; lastKnownFileType = sourcecode.c.h; path = AlphabetController.h; sourceTree = "<group>"; };
		9AB0D6811D7E5D48007E7CBD /* AlphabetController.m */ = {isa = PBXFileReference; fileEncoding = 4; lastKnownFileType = sourcecode.c.objc; path = AlphabetController.m; sourceTree = "<group>"; };
		9AB0D6831D7E5E1F007E7CBD /* cars_total.plist */ = {isa = PBXFileReference; fileEncoding = 4; lastKnownFileType = text.plist.xml; path = cars_total.plist; sourceTree = "<group>"; };
		9AB7AEBD1D7FA8F2002E22BF /* WKFCircularSlidingView.h */ = {isa = PBXFileReference; fileEncoding = 4; lastKnownFileType = sourcecode.c.h; path = WKFCircularSlidingView.h; sourceTree = "<group>"; };
		9AB7AEBE1D7FA8F2002E22BF /* WKFCircularSlidingView.m */ = {isa = PBXFileReference; fileEncoding = 4; lastKnownFileType = sourcecode.c.objc; path = WKFCircularSlidingView.m; sourceTree = "<group>"; };
		9AB7AEC01D7FA935002E22BF /* NoMarginScrollController.h */ = {isa = PBXFileReference; fileEncoding = 4; lastKnownFileType = sourcecode.c.h; path = NoMarginScrollController.h; sourceTree = "<group>"; };
		9AB7AEC11D7FA935002E22BF /* NoMarginScrollController.m */ = {isa = PBXFileReference; fileEncoding = 4; lastKnownFileType = sourcecode.c.objc; path = NoMarginScrollController.m; sourceTree = "<group>"; };
		9AC55D7A1E66990100510131 /* MoveAnimateController.h */ = {isa = PBXFileReference; fileEncoding = 4; lastKnownFileType = sourcecode.c.h; path = MoveAnimateController.h; sourceTree = "<group>"; };
		9AC55D7B1E66990100510131 /* MoveAnimateController.m */ = {isa = PBXFileReference; fileEncoding = 4; lastKnownFileType = sourcecode.c.objc; path = MoveAnimateController.m; sourceTree = "<group>"; };
		9AC55D7D1E669BB600510131 /* CurveView.h */ = {isa = PBXFileReference; fileEncoding = 4; lastKnownFileType = sourcecode.c.h; path = CurveView.h; sourceTree = "<group>"; };
		9AC55D7E1E669BB600510131 /* CurveView.m */ = {isa = PBXFileReference; fileEncoding = 4; lastKnownFileType = sourcecode.c.objc; path = CurveView.m; sourceTree = "<group>"; };
		F982FE7706B49FEBEC22B17A /* libPods.a */ = {isa = PBXFileReference; explicitFileType = archive.ar; includeInIndex = 0; path = libPods.a; sourceTree = BUILT_PRODUCTS_DIR; };
/* End PBXFileReference section */

/* Begin PBXFrameworksBuildPhase section */
		9AB063871D7D404400AAEED5 /* Frameworks */ = {
			isa = PBXFrameworksBuildPhase;
			buildActionMask = 2147483647;
			files = (
				0C345FC42DD11146081A1C2F /* libPods.a in Frameworks */,
			);
			runOnlyForDeploymentPostprocessing = 0;
		};
		9AB063A31D7D404500AAEED5 /* Frameworks */ = {
			isa = PBXFrameworksBuildPhase;
			buildActionMask = 2147483647;
			files = (
			);
			runOnlyForDeploymentPostprocessing = 0;
		};
		9AB063AE1D7D404500AAEED5 /* Frameworks */ = {
			isa = PBXFrameworksBuildPhase;
			buildActionMask = 2147483647;
			files = (
			);
			runOnlyForDeploymentPostprocessing = 0;
		};
/* End PBXFrameworksBuildPhase section */

/* Begin PBXGroup section */
		28CE3819B12EE4DF47DA96CA /* Pods */ = {
			isa = PBXGroup;
			children = (
				7570CE0B42E63E3E6DC8A580 /* Pods.debug.xcconfig */,
				6FE3717741DD1FD8256D894B /* Pods.release.xcconfig */,
			);
			name = Pods;
			sourceTree = "<group>";
		};
		4B0286401D80533A003E9195 /* VideoPlayerDemo */ = {
			isa = PBXGroup;
			children = (
				4B0286411D80543B003E9195 /* VideoRelated */,
				4B0286481D805489003E9195 /* VideoDemoController.h */,
				4B0286491D805489003E9195 /* VideoDemoController.m */,
			);
			path = VideoPlayerDemo;
			sourceTree = "<group>";
		};
		4B0286411D80543B003E9195 /* VideoRelated */ = {
			isa = PBXGroup;
			children = (
				4B0286421D805466003E9195 /* PlayerProgressView.h */,
				4B0286431D805466003E9195 /* PlayerProgressView.m */,
				4B0286441D805466003E9195 /* VideoPlayController.h */,
				4B0286451D805466003E9195 /* VideoPlayController.m */,
			);
			path = VideoRelated;
			sourceTree = "<group>";
		};
		4B02864E1D805A1D003E9195 /* HaveMarginScroll */ = {
			isa = PBXGroup;
			children = (
				4B02864F1D805A50003E9195 /* View */,
				4B0286561D805A93003E9195 /* HaveMarginScrollController.h */,
				4B0286571D805A93003E9195 /* HaveMarginScrollController.m */,
			);
			path = HaveMarginScroll;
			sourceTree = "<group>";
		};
		4B02864F1D805A50003E9195 /* View */ = {
			isa = PBXGroup;
			children = (
				4B0286501D805A7B003E9195 /* RollingCircleView.h */,
				4B0286511D805A7B003E9195 /* RollingCircleView.m */,
				4B0286521D805A7B003E9195 /* RollingItemView.h */,
				4B0286531D805A7B003E9195 /* RollingItemView.m */,
			);
			path = View;
			sourceTree = "<group>";
		};
		7BF68F73EDC057BC234A7B80 /* Frameworks */ = {
			isa = PBXGroup;
			children = (
				F982FE7706B49FEBEC22B17A /* libPods.a */,
			);
			name = Frameworks;
			sourceTree = "<group>";
		};
		9A03DCEC1F00D37900A31263 /* RunTime */ = {
			isa = PBXGroup;
			children = (
				9A03DCED1F00D3A600A31263 /* RunTimeController.h */,
				9A03DCEE1F00D3A600A31263 /* RunTimeController.m */,
				9A03DCF31F00E2F100A31263 /* Student.h */,
				9A03DCF41F00E2F100A31263 /* Student.m */,
			);
			path = RunTime;
			sourceTree = "<group>";
		};
		9A27BAD31EA70A5C00690EEB /* Radar */ = {
			isa = PBXGroup;
			children = (
				9A27BAD41EA70A5C00690EEB /* MCRadarChartView.h */,
				9A27BAD51EA70A5C00690EEB /* MCRadarChartView.m */,
				9A27BAD61EA70A5C00690EEB /* MCRadarLayer.h */,
				9A27BAD71EA70A5C00690EEB /* MCRadarLayer.m */,
				9A27BAD81EA70A5C00690EEB /* RadarView.h */,
				9A27BAD91EA70A5C00690EEB /* RadarView.m */,
				9A27BADA1EA70A5C00690EEB /* RCTRadarManager.h */,
				9A27BADB1EA70A5C00690EEB /* RCTRadarManager.m */,
			);
			path = Radar;
			sourceTree = "<group>";
		};
		9A7EB44C1E5437600084AC49 /* Common */ = {
			isa = PBXGroup;
			children = (
				9A27BAD31EA70A5C00690EEB /* Radar */,
				9A7EB44D1E5437770084AC49 /* ReusableView */,
			);
			path = Common;
			sourceTree = "<group>";
		};
		9A7EB44D1E5437770084AC49 /* ReusableView */ = {
			isa = PBXGroup;
			children = (
				9A7EB44E1E5437AE0084AC49 /* HeaderSelectView.h */,
				9A7EB44F1E5437AE0084AC49 /* HeaderSelectView.m */,
			);
			path = ReusableView;
			sourceTree = "<group>";
		};
		9A7EB45A1E5459790084AC49 /* WaveAnimation */ = {
			isa = PBXGroup;
			children = (
				9A7EB45E1E545E470084AC49 /* WaveView.h */,
				9A7EB45F1E545E470084AC49 /* WaveView.m */,
				9A7EB45B1E5459B90084AC49 /* WaveAnimationController.h */,
				9A7EB45C1E5459B90084AC49 /* WaveAnimationController.m */,
			);
			path = WaveAnimation;
			sourceTree = "<group>";
		};
		9AAE83A81EF23B6900396119 /* TextViewCellGroup */ = {
			isa = PBXGroup;
			children = (
				9AAE83A91EF23C1900396119 /* EditCellController.h */,
				9AAE83AA1EF23C1900396119 /* EditCellController.m */,
				9AAE83AC1EF259DA00396119 /* EditCell.h */,
				9AAE83AD1EF259DA00396119 /* EditCell.m */,
			);
			path = TextViewCellGroup;
			sourceTree = "<group>";
		};
		9AB063811D7D404400AAEED5 = {
			isa = PBXGroup;
			children = (
				9A7EB44C1E5437600084AC49 /* Common */,
				9AB0638C1D7D404400AAEED5 /* WKFAllMyDemos */,
				9AB063A91D7D404500AAEED5 /* WKFAllMyDemosTests */,
				9AB063B41D7D404500AAEED5 /* WKFAllMyDemosUITests */,
				9AB0638B1D7D404400AAEED5 /* Products */,
				28CE3819B12EE4DF47DA96CA /* Pods */,
				7BF68F73EDC057BC234A7B80 /* Frameworks */,
			);
			sourceTree = "<group>";
		};
		9AB0638B1D7D404400AAEED5 /* Products */ = {
			isa = PBXGroup;
			children = (
				9AB0638A1D7D404400AAEED5 /* WKFAllMyDemos.app */,
				9AB063A61D7D404500AAEED5 /* WKFAllMyDemosTests.xctest */,
				9AB063B11D7D404500AAEED5 /* WKFAllMyDemosUITests.xctest */,
			);
			name = Products;
			sourceTree = "<group>";
		};
		9AB0638C1D7D404400AAEED5 /* WKFAllMyDemos */ = {
			isa = PBXGroup;
			children = (
				9A03DCEC1F00D37900A31263 /* RunTime */,
				9AAE83A81EF23B6900396119 /* TextViewCellGroup */,
				9AC55D791E6698CD00510131 /* MoveAnimation */,
				9A7EB45A1E5459790084AC49 /* WaveAnimation */,
				4B02864E1D805A1D003E9195 /* HaveMarginScroll */,
				4B0286401D80533A003E9195 /* VideoPlayerDemo */,
				9AB7AEBC1D7FA8CA002E22BF /* NoMarginScroll */,
				9AB0D66D1D7E5C7C007E7CBD /* AlphabetRoll */,
				9AB063DD1D7D787600AAEED5 /* Tools */,
				9AB063D91D7D783C00AAEED5 /* Category */,
				9AB063CE1D7D6FFA00AAEED5 /* Marquee */,
				9AB063C31D7D442100AAEED5 /* Home */,
				9AB063901D7D404400AAEED5 /* AppDelegate.h */,
				9AB063911D7D404400AAEED5 /* AppDelegate.m */,
				9AB063961D7D404400AAEED5 /* Main.storyboard */,
				9AB063CD1D7D66E400AAEED5 /* AllMyDemos-PrefixHeader.pch */,
				9AB0639C1D7D404400AAEED5 /* Assets.xcassets */,
				9AB0639E1D7D404400AAEED5 /* LaunchScreen.storyboard */,
				9AB063A11D7D404400AAEED5 /* Info.plist */,
				9AB0D6831D7E5E1F007E7CBD /* cars_total.plist */,
				9AB063991D7D404400AAEED5 /* WKFAllMyDemos.xcdatamodeld */,
				9AB0638D1D7D404400AAEED5 /* Supporting Files */,
			);
			path = WKFAllMyDemos;
			sourceTree = "<group>";
		};
		9AB0638D1D7D404400AAEED5 /* Supporting Files */ = {
			isa = PBXGroup;
			children = (
				9AB0638E1D7D404400AAEED5 /* main.m */,
			);
			name = "Supporting Files";
			sourceTree = "<group>";
		};
		9AB063A91D7D404500AAEED5 /* WKFAllMyDemosTests */ = {
			isa = PBXGroup;
			children = (
				9AB063AA1D7D404500AAEED5 /* WKFAllMyDemosTests.m */,
				9AB063AC1D7D404500AAEED5 /* Info.plist */,
			);
			path = WKFAllMyDemosTests;
			sourceTree = "<group>";
		};
		9AB063B41D7D404500AAEED5 /* WKFAllMyDemosUITests */ = {
			isa = PBXGroup;
			children = (
				9AB063B51D7D404500AAEED5 /* WKFAllMyDemosUITests.m */,
				9AB063B71D7D404500AAEED5 /* Info.plist */,
			);
			path = WKFAllMyDemosUITests;
			sourceTree = "<group>";
		};
		9AB063C31D7D442100AAEED5 /* Home */ = {
			isa = PBXGroup;
			children = (
				9A7EB4541E543B960084AC49 /* SubclassController.h */,
				9A7EB4551E543B960084AC49 /* SubclassController.m */,
				9AB063C41D7D445C00AAEED5 /* ViewController.h */,
				9AB063C51D7D445C00AAEED5 /* ViewController.m */,
				9AB063C71D7D447F00AAEED5 /* HomeModel.h */,
				9AB063C81D7D447F00AAEED5 /* HomeModel.m */,
				9AB063CA1D7D490900AAEED5 /* HomeCell.h */,
				9AB063CB1D7D490900AAEED5 /* HomeCell.m */,
				9AB0D66A1D7E5A11007E7CBD /* SuperController.h */,
				9AB0D66B1D7E5A11007E7CBD /* SuperController.m */,
			);
			path = Home;
			sourceTree = "<group>";
		};
		9AB063CE1D7D6FFA00AAEED5 /* Marquee */ = {
			isa = PBXGroup;
			children = (
				9AB063D21D7D709F00AAEED5 /* NavigationTitleView.h */,
				9AB063D31D7D709F00AAEED5 /* NavigationTitleView.m */,
				9AB063CF1D7D706800AAEED5 /* MarqueeController.h */,
				9AB063D01D7D706800AAEED5 /* MarqueeController.m */,
			);
			path = Marquee;
			sourceTree = "<group>";
		};
		9AB063D91D7D783C00AAEED5 /* Category */ = {
			isa = PBXGroup;
			children = (
				9AB063DA1D7D786800AAEED5 /* UIView+WKFFrame.h */,
				9AB063DB1D7D786800AAEED5 /* UIView+WKFFrame.m */,
				9A03DCF01F00D75E00A31263 /* UIImage+UIImage_extention.h */,
				9A03DCF11F00D75E00A31263 /* UIImage+UIImage_extention.m */,
				9A03DCF61F00E9FA00A31263 /* UIImageView+testExtension.h */,
				9A03DCF71F00E9FA00A31263 /* UIImageView+testExtension.m */,
			);
			path = Category;
			sourceTree = "<group>";
		};
		9AB063DD1D7D787600AAEED5 /* Tools */ = {
			isa = PBXGroup;
			children = (
				4B02864B1D8056BE003E9195 /* TimeTool.h */,
				4B02864C1D8056BE003E9195 /* TimeTool.m */,
				9AB063DE1D7D788F00AAEED5 /* ImageSizeTool.h */,
				9AB063DF1D7D788F00AAEED5 /* ImageSizeTool.m */,
			);
			path = Tools;
			sourceTree = "<group>";
		};
		9AB0D66D1D7E5C7C007E7CBD /* AlphabetRoll */ = {
			isa = PBXGroup;
			children = (
				9AB0D67F1D7E5D17007E7CBD /* Controller */,
				9AB0D6781D7E5D14007E7CBD /* Model */,
				9AB0D66E1D7E5D07007E7CBD /* Views */,
			);
			path = AlphabetRoll;
			sourceTree = "<group>";
		};
		9AB0D66E1D7E5D07007E7CBD /* Views */ = {
			isa = PBXGroup;
			children = (
				9AB0D66F1D7E5D07007E7CBD /* MyCarCell.h */,
				9AB0D6701D7E5D07007E7CBD /* MyCarCell.m */,
				9AB0D6711D7E5D07007E7CBD /* MyCarsView.h */,
				9AB0D6721D7E5D07007E7CBD /* MyCarsView.m */,
				9AB0D6731D7E5D07007E7CBD /* MyLabel.h */,
				9AB0D6741D7E5D07007E7CBD /* MyLabel.m */,
			);
			path = Views;
			sourceTree = "<group>";
		};
		9AB0D6781D7E5D14007E7CBD /* Model */ = {
			isa = PBXGroup;
			children = (
				9AB0D6791D7E5D14007E7CBD /* MyCarGroupModel.h */,
				9AB0D67A1D7E5D14007E7CBD /* MyCarGroupModel.m */,
				9AB0D67B1D7E5D14007E7CBD /* MyCarModel.h */,
				9AB0D67C1D7E5D14007E7CBD /* MyCarModel.m */,
			);
			path = Model;
			sourceTree = "<group>";
		};
		9AB0D67F1D7E5D17007E7CBD /* Controller */ = {
			isa = PBXGroup;
			children = (
				9AB0D6801D7E5D48007E7CBD /* AlphabetController.h */,
				9AB0D6811D7E5D48007E7CBD /* AlphabetController.m */,
			);
			path = Controller;
			sourceTree = "<group>";
		};
		9AB7AEBC1D7FA8CA002E22BF /* NoMarginScroll */ = {
			isa = PBXGroup;
			children = (
				9AB7AEBD1D7FA8F2002E22BF /* WKFCircularSlidingView.h */,
				9AB7AEBE1D7FA8F2002E22BF /* WKFCircularSlidingView.m */,
				9AB7AEC01D7FA935002E22BF /* NoMarginScrollController.h */,
				9AB7AEC11D7FA935002E22BF /* NoMarginScrollController.m */,
			);
			path = NoMarginScroll;
			sourceTree = "<group>";
		};
		9AC55D791E6698CD00510131 /* MoveAnimation */ = {
			isa = PBXGroup;
			children = (
				9AC55D7A1E66990100510131 /* MoveAnimateController.h */,
				9AC55D7B1E66990100510131 /* MoveAnimateController.m */,
				9AC55D7D1E669BB600510131 /* CurveView.h */,
				9AC55D7E1E669BB600510131 /* CurveView.m */,
			);
			path = MoveAnimation;
			sourceTree = "<group>";
		};
/* End PBXGroup section */

/* Begin PBXNativeTarget section */
		9AB063891D7D404400AAEED5 /* WKFAllMyDemos */ = {
			isa = PBXNativeTarget;
			buildConfigurationList = 9AB063BA1D7D404500AAEED5 /* Build configuration list for PBXNativeTarget "WKFAllMyDemos" */;
			buildPhases = (
				EC1483D553DA69113CD39F26 /* Check Pods Manifest.lock */,
				9AB063861D7D404400AAEED5 /* Sources */,
				9AB063871D7D404400AAEED5 /* Frameworks */,
				9AB063881D7D404400AAEED5 /* Resources */,
				5EF71D6F347AC522BF4BD684 /* Embed Pods Frameworks */,
				E5D2A2D0CFEE2305EFABF330 /* Copy Pods Resources */,
			);
			buildRules = (
			);
			dependencies = (
			);
			name = WKFAllMyDemos;
			productName = WKFAllMyDemos;
			productReference = 9AB0638A1D7D404400AAEED5 /* WKFAllMyDemos.app */;
			productType = "com.apple.product-type.application";
		};
		9AB063A51D7D404500AAEED5 /* WKFAllMyDemosTests */ = {
			isa = PBXNativeTarget;
			buildConfigurationList = 9AB063BD1D7D404500AAEED5 /* Build configuration list for PBXNativeTarget "WKFAllMyDemosTests" */;
			buildPhases = (
				9AB063A21D7D404500AAEED5 /* Sources */,
				9AB063A31D7D404500AAEED5 /* Frameworks */,
				9AB063A41D7D404500AAEED5 /* Resources */,
			);
			buildRules = (
			);
			dependencies = (
				9AB063A81D7D404500AAEED5 /* PBXTargetDependency */,
			);
			name = WKFAllMyDemosTests;
			productName = WKFAllMyDemosTests;
			productReference = 9AB063A61D7D404500AAEED5 /* WKFAllMyDemosTests.xctest */;
			productType = "com.apple.product-type.bundle.unit-test";
		};
		9AB063B01D7D404500AAEED5 /* WKFAllMyDemosUITests */ = {
			isa = PBXNativeTarget;
			buildConfigurationList = 9AB063C01D7D404500AAEED5 /* Build configuration list for PBXNativeTarget "WKFAllMyDemosUITests" */;
			buildPhases = (
				9AB063AD1D7D404500AAEED5 /* Sources */,
				9AB063AE1D7D404500AAEED5 /* Frameworks */,
				9AB063AF1D7D404500AAEED5 /* Resources */,
			);
			buildRules = (
			);
			dependencies = (
				9AB063B31D7D404500AAEED5 /* PBXTargetDependency */,
			);
			name = WKFAllMyDemosUITests;
			productName = WKFAllMyDemosUITests;
			productReference = 9AB063B11D7D404500AAEED5 /* WKFAllMyDemosUITests.xctest */;
			productType = "com.apple.product-type.bundle.ui-testing";
		};
/* End PBXNativeTarget section */

/* Begin PBXProject section */
		9AB063821D7D404400AAEED5 /* Project object */ = {
			isa = PBXProject;
			attributes = {
				LastUpgradeCheck = 0730;
				ORGANIZATIONNAME = fantasy;
				TargetAttributes = {
					9AB063891D7D404400AAEED5 = {
						CreatedOnToolsVersion = 7.3;
						DevelopmentTeam = ZZ9329T9X9;
					};
					9AB063A51D7D404500AAEED5 = {
						CreatedOnToolsVersion = 7.3;
						TestTargetID = 9AB063891D7D404400AAEED5;
					};
					9AB063B01D7D404500AAEED5 = {
						CreatedOnToolsVersion = 7.3;
						TestTargetID = 9AB063891D7D404400AAEED5;
					};
				};
			};
			buildConfigurationList = 9AB063851D7D404400AAEED5 /* Build configuration list for PBXProject "WKFAllMyDemos" */;
			compatibilityVersion = "Xcode 3.2";
			developmentRegion = English;
			hasScannedForEncodings = 0;
			knownRegions = (
				en,
				Base,
			);
			mainGroup = 9AB063811D7D404400AAEED5;
			productRefGroup = 9AB0638B1D7D404400AAEED5 /* Products */;
			projectDirPath = "";
			projectRoot = "";
			targets = (
				9AB063891D7D404400AAEED5 /* WKFAllMyDemos */,
				9AB063A51D7D404500AAEED5 /* WKFAllMyDemosTests */,
				9AB063B01D7D404500AAEED5 /* WKFAllMyDemosUITests */,
			);
		};
/* End PBXProject section */

/* Begin PBXResourcesBuildPhase section */
		9AB063881D7D404400AAEED5 /* Resources */ = {
			isa = PBXResourcesBuildPhase;
			buildActionMask = 2147483647;
			files = (
				9AB063A01D7D404400AAEED5 /* LaunchScreen.storyboard in Resources */,
				9AB0639D1D7D404400AAEED5 /* Assets.xcassets in Resources */,
				9AB0D6841D7E5E1F007E7CBD /* cars_total.plist in Resources */,
				9AB063981D7D404400AAEED5 /* Main.storyboard in Resources */,
			);
			runOnlyForDeploymentPostprocessing = 0;
		};
		9AB063A41D7D404500AAEED5 /* Resources */ = {
			isa = PBXResourcesBuildPhase;
			buildActionMask = 2147483647;
			files = (
			);
			runOnlyForDeploymentPostprocessing = 0;
		};
		9AB063AF1D7D404500AAEED5 /* Resources */ = {
			isa = PBXResourcesBuildPhase;
			buildActionMask = 2147483647;
			files = (
			);
			runOnlyForDeploymentPostprocessing = 0;
		};
/* End PBXResourcesBuildPhase section */

/* Begin PBXShellScriptBuildPhase section */
		5EF71D6F347AC522BF4BD684 /* Embed Pods Frameworks */ = {
			isa = PBXShellScriptBuildPhase;
			buildActionMask = 2147483647;
			files = (
			);
			inputPaths = (
			);
			name = "Embed Pods Frameworks";
			outputPaths = (
			);
			runOnlyForDeploymentPostprocessing = 0;
			shellPath = /bin/sh;
			shellScript = "\"${SRCROOT}/Pods/Target Support Files/Pods/Pods-frameworks.sh\"\n";
			showEnvVarsInLog = 0;
		};
		E5D2A2D0CFEE2305EFABF330 /* Copy Pods Resources */ = {
			isa = PBXShellScriptBuildPhase;
			buildActionMask = 2147483647;
			files = (
			);
			inputPaths = (
			);
			name = "Copy Pods Resources";
			outputPaths = (
			);
			runOnlyForDeploymentPostprocessing = 0;
			shellPath = /bin/sh;
			shellScript = "\"${SRCROOT}/Pods/Target Support Files/Pods/Pods-resources.sh\"\n";
			showEnvVarsInLog = 0;
		};
		EC1483D553DA69113CD39F26 /* Check Pods Manifest.lock */ = {
			isa = PBXShellScriptBuildPhase;
			buildActionMask = 2147483647;
			files = (
			);
			inputPaths = (
			);
			name = "Check Pods Manifest.lock";
			outputPaths = (
			);
			runOnlyForDeploymentPostprocessing = 0;
			shellPath = /bin/sh;
			shellScript = "diff \"${PODS_ROOT}/../Podfile.lock\" \"${PODS_ROOT}/Manifest.lock\" > /dev/null\nif [[ $? != 0 ]] ; then\n    cat << EOM\nerror: The sandbox is not in sync with the Podfile.lock. Run 'pod install' or update your CocoaPods installation.\nEOM\n    exit 1\nfi\n";
			showEnvVarsInLog = 0;
		};
/* End PBXShellScriptBuildPhase section */

/* Begin PBXSourcesBuildPhase section */
		9AB063861D7D404400AAEED5 /* Sources */ = {
			isa = PBXSourcesBuildPhase;
			buildActionMask = 2147483647;
			files = (
				9A27BADD1EA70A5C00690EEB /* MCRadarLayer.m in Sources */,
				9AB063D11D7D706800AAEED5 /* MarqueeController.m in Sources */,
				9A27BADF1EA70A5C00690EEB /* RCTRadarManager.m in Sources */,
				9AAE83AB1EF23C1900396119 /* EditCellController.m in Sources */,
				4B02864D1D8056BE003E9195 /* TimeTool.m in Sources */,
				4B0286541D805A7B003E9195 /* RollingCircleView.m in Sources */,
				9AB063CC1D7D490900AAEED5 /* HomeCell.m in Sources */,
				9AB0D6771D7E5D07007E7CBD /* MyLabel.m in Sources */,
				9A27BADE1EA70A5C00690EEB /* RadarView.m in Sources */,
				9AB0D67D1D7E5D14007E7CBD /* MyCarGroupModel.m in Sources */,
				9AC55D7F1E669BB600510131 /* CurveView.m in Sources */,
				4B0286581D805A93003E9195 /* HaveMarginScrollController.m in Sources */,
				9A03DCEF1F00D3A600A31263 /* RunTimeController.m in Sources */,
				9AC55D7C1E66990100510131 /* MoveAnimateController.m in Sources */,
				9AB0D67E1D7E5D14007E7CBD /* MyCarModel.m in Sources */,
				4B0286471D805466003E9195 /* VideoPlayController.m in Sources */,
				9AB0D6751D7E5D07007E7CBD /* MyCarCell.m in Sources */,
				9AB063E01D7D788F00AAEED5 /* ImageSizeTool.m in Sources */,
				9A7EB4601E545E470084AC49 /* WaveView.m in Sources */,
				9A7EB4561E543B960084AC49 /* SubclassController.m in Sources */,
				9AB063C91D7D447F00AAEED5 /* HomeModel.m in Sources */,
				9A27BADC1EA70A5C00690EEB /* MCRadarChartView.m in Sources */,
				9AB0639B1D7D404400AAEED5 /* WKFAllMyDemos.xcdatamodeld in Sources */,
				9AB7AEBF1D7FA8F2002E22BF /* WKFCircularSlidingView.m in Sources */,
				9A03DCF21F00D75E00A31263 /* UIImage+UIImage_extention.m in Sources */,
				4B0286551D805A7B003E9195 /* RollingItemView.m in Sources */,
				9A7EB45D1E5459B90084AC49 /* WaveAnimationController.m in Sources */,
				9AB0D6821D7E5D48007E7CBD /* AlphabetController.m in Sources */,
				9AB063921D7D404400AAEED5 /* AppDelegate.m in Sources */,
				9AB063D41D7D709F00AAEED5 /* NavigationTitleView.m in Sources */,
				9AB7AEC21D7FA935002E22BF /* NoMarginScrollController.m in Sources */,
				9AB063DC1D7D786800AAEED5 /* UIView+WKFFrame.m in Sources */,
				9A03DCF81F00E9FA00A31263 /* UIImageView+testExtension.m in Sources */,
				9AB063C61D7D445C00AAEED5 /* ViewController.m in Sources */,
				9AAE83AE1EF259DA00396119 /* EditCell.m in Sources */,
				4B0286461D805466003E9195 /* PlayerProgressView.m in Sources */,
				4B02864A1D805489003E9195 /* VideoDemoController.m in Sources */,
				9A03DCF51F00E2F100A31263 /* Student.m in Sources */,
				9AB0D66C1D7E5A11007E7CBD /* SuperController.m in Sources */,
				9A7EB4501E5437AE0084AC49 /* HeaderSelectView.m in Sources */,
				9AB0D6761D7E5D07007E7CBD /* MyCarsView.m in Sources */,
				9AB0638F1D7D404400AAEED5 /* main.m in Sources */,
			);
			runOnlyForDeploymentPostprocessing = 0;
		};
		9AB063A21D7D404500AAEED5 /* Sources */ = {
			isa = PBXSourcesBuildPhase;
			buildActionMask = 2147483647;
			files = (
				9AB063AB1D7D404500AAEED5 /* WKFAllMyDemosTests.m in Sources */,
			);
			runOnlyForDeploymentPostprocessing = 0;
		};
		9AB063AD1D7D404500AAEED5 /* Sources */ = {
			isa = PBXSourcesBuildPhase;
			buildActionMask = 2147483647;
			files = (
				9AB063B61D7D404500AAEED5 /* WKFAllMyDemosUITests.m in Sources */,
			);
			runOnlyForDeploymentPostprocessing = 0;
		};
/* End PBXSourcesBuildPhase section */

/* Begin PBXTargetDependency section */
		9AB063A81D7D404500AAEED5 /* PBXTargetDependency */ = {
			isa = PBXTargetDependency;
			target = 9AB063891D7D404400AAEED5 /* WKFAllMyDemos */;
			targetProxy = 9AB063A71D7D404500AAEED5 /* PBXContainerItemProxy */;
		};
		9AB063B31D7D404500AAEED5 /* PBXTargetDependency */ = {
			isa = PBXTargetDependency;
			target = 9AB063891D7D404400AAEED5 /* WKFAllMyDemos */;
			targetProxy = 9AB063B21D7D404500AAEED5 /* PBXContainerItemProxy */;
		};
/* End PBXTargetDependency section */

/* Begin PBXVariantGroup section */
		9AB063961D7D404400AAEED5 /* Main.storyboard */ = {
			isa = PBXVariantGroup;
			children = (
				9AB063971D7D404400AAEED5 /* Base */,
			);
			name = Main.storyboard;
			sourceTree = "<group>";
		};
		9AB0639E1D7D404400AAEED5 /* LaunchScreen.storyboard */ = {
			isa = PBXVariantGroup;
			children = (
				9AB0639F1D7D404400AAEED5 /* Base */,
			);
			name = LaunchScreen.storyboard;
			sourceTree = "<group>";
		};
/* End PBXVariantGroup section */

/* Begin XCBuildConfiguration section */
		9AB063B81D7D404500AAEED5 /* Debug */ = {
			isa = XCBuildConfiguration;
			buildSettings = {
				ALWAYS_SEARCH_USER_PATHS = NO;
				CLANG_ANALYZER_NONNULL = YES;
				CLANG_CXX_LANGUAGE_STANDARD = "gnu++0x";
				CLANG_CXX_LIBRARY = "libc++";
				CLANG_ENABLE_MODULES = YES;
				CLANG_ENABLE_OBJC_ARC = YES;
				CLANG_WARN_BOOL_CONVERSION = YES;
				CLANG_WARN_CONSTANT_CONVERSION = YES;
				CLANG_WARN_DIRECT_OBJC_ISA_USAGE = YES_ERROR;
				CLANG_WARN_EMPTY_BODY = YES;
				CLANG_WARN_ENUM_CONVERSION = YES;
				CLANG_WARN_INT_CONVERSION = YES;
				CLANG_WARN_OBJC_ROOT_CLASS = YES_ERROR;
				CLANG_WARN_UNREACHABLE_CODE = YES;
				CLANG_WARN__DUPLICATE_METHOD_MATCH = YES;
				"CODE_SIGN_IDENTITY[sdk=iphoneos*]" = "iPhone Developer";
				COPY_PHASE_STRIP = NO;
				DEBUG_INFORMATION_FORMAT = dwarf;
				ENABLE_STRICT_OBJC_MSGSEND = NO;
				ENABLE_TESTABILITY = YES;
				GCC_C_LANGUAGE_STANDARD = gnu99;
				GCC_DYNAMIC_NO_PIC = NO;
				GCC_NO_COMMON_BLOCKS = YES;
				GCC_OPTIMIZATION_LEVEL = 0;
				GCC_PREPROCESSOR_DEFINITIONS = (
					"DEBUG=1",
					"$(inherited)",
				);
				GCC_WARN_64_TO_32_BIT_CONVERSION = YES;
				GCC_WARN_ABOUT_RETURN_TYPE = YES_ERROR;
				GCC_WARN_UNDECLARED_SELECTOR = YES;
				GCC_WARN_UNINITIALIZED_AUTOS = YES_AGGRESSIVE;
				GCC_WARN_UNUSED_FUNCTION = YES;
				GCC_WARN_UNUSED_VARIABLE = YES;
				IPHONEOS_DEPLOYMENT_TARGET = 9.3;
				MTL_ENABLE_DEBUG_INFO = YES;
				ONLY_ACTIVE_ARCH = YES;
				SDKROOT = iphoneos;
				TARGETED_DEVICE_FAMILY = "1,2";
			};
			name = Debug;
		};
		9AB063B91D7D404500AAEED5 /* Release */ = {
			isa = XCBuildConfiguration;
			buildSettings = {
				ALWAYS_SEARCH_USER_PATHS = NO;
				CLANG_ANALYZER_NONNULL = YES;
				CLANG_CXX_LANGUAGE_STANDARD = "gnu++0x";
				CLANG_CXX_LIBRARY = "libc++";
				CLANG_ENABLE_MODULES = YES;
				CLANG_ENABLE_OBJC_ARC = YES;
				CLANG_WARN_BOOL_CONVERSION = YES;
				CLANG_WARN_CONSTANT_CONVERSION = YES;
				CLANG_WARN_DIRECT_OBJC_ISA_USAGE = YES_ERROR;
				CLANG_WARN_EMPTY_BODY = YES;
				CLANG_WARN_ENUM_CONVERSION = YES;
				CLANG_WARN_INT_CONVERSION = YES;
				CLANG_WARN_OBJC_ROOT_CLASS = YES_ERROR;
				CLANG_WARN_UNREACHABLE_CODE = YES;
				CLANG_WARN__DUPLICATE_METHOD_MATCH = YES;
				"CODE_SIGN_IDENTITY[sdk=iphoneos*]" = "iPhone Developer";
				COPY_PHASE_STRIP = NO;
				DEBUG_INFORMATION_FORMAT = "dwarf-with-dsym";
				ENABLE_NS_ASSERTIONS = NO;
				ENABLE_STRICT_OBJC_MSGSEND = NO;
				GCC_C_LANGUAGE_STANDARD = gnu99;
				GCC_NO_COMMON_BLOCKS = YES;
				GCC_WARN_64_TO_32_BIT_CONVERSION = YES;
				GCC_WARN_ABOUT_RETURN_TYPE = YES_ERROR;
				GCC_WARN_UNDECLARED_SELECTOR = YES;
				GCC_WARN_UNINITIALIZED_AUTOS = YES_AGGRESSIVE;
				GCC_WARN_UNUSED_FUNCTION = YES;
				GCC_WARN_UNUSED_VARIABLE = YES;
				IPHONEOS_DEPLOYMENT_TARGET = 9.3;
				MTL_ENABLE_DEBUG_INFO = NO;
				SDKROOT = iphoneos;
				TARGETED_DEVICE_FAMILY = "1,2";
				VALIDATE_PRODUCT = YES;
			};
			name = Release;
		};
		9AB063BB1D7D404500AAEED5 /* Debug */ = {
			isa = XCBuildConfiguration;
			baseConfigurationReference = 7570CE0B42E63E3E6DC8A580 /* Pods.debug.xcconfig */;
			buildSettings = {
				ASSETCATALOG_COMPILER_APPICON_NAME = AppIcon;
				DEVELOPMENT_TEAM = ZZ9329T9X9;
				ENABLE_STRICT_OBJC_MSGSEND = NO;
				GCC_PREFIX_HEADER = "$(SRCROOT)/WKFAllMyDemos/AllMyDemos-PrefixHeader.pch";
				INFOPLIST_FILE = WKFAllMyDemos/Info.plist;
				LD_RUNPATH_SEARCH_PATHS = "$(inherited) @executable_path/Frameworks";
				PRODUCT_BUNDLE_IDENTIFIER = "--fantasy--.WKFAllMyDemos";
				PRODUCT_NAME = "$(TARGET_NAME)";
			};
			name = Debug;
		};
		9AB063BC1D7D404500AAEED5 /* Release */ = {
			isa = XCBuildConfiguration;
			baseConfigurationReference = 6FE3717741DD1FD8256D894B /* Pods.release.xcconfig */;
			buildSettings = {
				ASSETCATALOG_COMPILER_APPICON_NAME = AppIcon;
				DEVELOPMENT_TEAM = ZZ9329T9X9;
				ENABLE_STRICT_OBJC_MSGSEND = NO;
				GCC_PREFIX_HEADER = "$(SRCROOT)/WKFAllMyDemos/AllMyDemos-PrefixHeader.pch";
				INFOPLIST_FILE = WKFAllMyDemos/Info.plist;
				LD_RUNPATH_SEARCH_PATHS = "$(inherited) @executable_path/Frameworks";
				PRODUCT_BUNDLE_IDENTIFIER = "--fantasy--.WKFAllMyDemos";
				PRODUCT_NAME = "$(TARGET_NAME)";
			};
			name = Release;
		};
		9AB063BE1D7D404500AAEED5 /* Debug */ = {
			isa = XCBuildConfiguration;
			buildSettings = {
				BUNDLE_LOADER = "$(TEST_HOST)";
				INFOPLIST_FILE = WKFAllMyDemosTests/Info.plist;
				LD_RUNPATH_SEARCH_PATHS = "$(inherited) @executable_path/Frameworks @loader_path/Frameworks";
				PRODUCT_BUNDLE_IDENTIFIER = "--fantasy--.WKFAllMyDemosTests";
				PRODUCT_NAME = "$(TARGET_NAME)";
				TEST_HOST = "$(BUILT_PRODUCTS_DIR)/WKFAllMyDemos.app/WKFAllMyDemos";
			};
			name = Debug;
		};
		9AB063BF1D7D404500AAEED5 /* Release */ = {
			isa = XCBuildConfiguration;
			buildSettings = {
				BUNDLE_LOADER = "$(TEST_HOST)";
				INFOPLIST_FILE = WKFAllMyDemosTests/Info.plist;
				LD_RUNPATH_SEARCH_PATHS = "$(inherited) @executable_path/Frameworks @loader_path/Frameworks";
				PRODUCT_BUNDLE_IDENTIFIER = "--fantasy--.WKFAllMyDemosTests";
				PRODUCT_NAME = "$(TARGET_NAME)";
				TEST_HOST = "$(BUILT_PRODUCTS_DIR)/WKFAllMyDemos.app/WKFAllMyDemos";
			};
			name = Release;
		};
		9AB063C11D7D404500AAEED5 /* Debug */ = {
			isa = XCBuildConfiguration;
			buildSettings = {
				INFOPLIST_FILE = WKFAllMyDemosUITests/Info.plist;
				LD_RUNPATH_SEARCH_PATHS = "$(inherited) @executable_path/Frameworks @loader_path/Frameworks";
				PRODUCT_BUNDLE_IDENTIFIER = "--fantasy--.WKFAllMyDemosUITests";
				PRODUCT_NAME = "$(TARGET_NAME)";
				TEST_TARGET_NAME = WKFAllMyDemos;
			};
			name = Debug;
		};
		9AB063C21D7D404500AAEED5 /* Release */ = {
			isa = XCBuildConfiguration;
			buildSettings = {
				INFOPLIST_FILE = WKFAllMyDemosUITests/Info.plist;
				LD_RUNPATH_SEARCH_PATHS = "$(inherited) @executable_path/Frameworks @loader_path/Frameworks";
				PRODUCT_BUNDLE_IDENTIFIER = "--fantasy--.WKFAllMyDemosUITests";
				PRODUCT_NAME = "$(TARGET_NAME)";
				TEST_TARGET_NAME = WKFAllMyDemos;
			};
			name = Release;
		};
/* End XCBuildConfiguration section */

/* Begin XCConfigurationList section */
		9AB063851D7D404400AAEED5 /* Build configuration list for PBXProject "WKFAllMyDemos" */ = {
			isa = XCConfigurationList;
			buildConfigurations = (
				9AB063B81D7D404500AAEED5 /* Debug */,
				9AB063B91D7D404500AAEED5 /* Release */,
			);
			defaultConfigurationIsVisible = 0;
			defaultConfigurationName = Release;
		};
		9AB063BA1D7D404500AAEED5 /* Build configuration list for PBXNativeTarget "WKFAllMyDemos" */ = {
			isa = XCConfigurationList;
			buildConfigurations = (
				9AB063BB1D7D404500AAEED5 /* Debug */,
				9AB063BC1D7D404500AAEED5 /* Release */,
			);
			defaultConfigurationIsVisible = 0;
			defaultConfigurationName = Release;
		};
		9AB063BD1D7D404500AAEED5 /* Build configuration list for PBXNativeTarget "WKFAllMyDemosTests" */ = {
			isa = XCConfigurationList;
			buildConfigurations = (
				9AB063BE1D7D404500AAEED5 /* Debug */,
				9AB063BF1D7D404500AAEED5 /* Release */,
			);
			defaultConfigurationIsVisible = 0;
			defaultConfigurationName = Release;
		};
		9AB063C01D7D404500AAEED5 /* Build configuration list for PBXNativeTarget "WKFAllMyDemosUITests" */ = {
			isa = XCConfigurationList;
			buildConfigurations = (
				9AB063C11D7D404500AAEED5 /* Debug */,
				9AB063C21D7D404500AAEED5 /* Release */,
			);
			defaultConfigurationIsVisible = 0;
			defaultConfigurationName = Release;
		};
/* End XCConfigurationList section */

/* Begin XCVersionGroup section */
		9AB063991D7D404400AAEED5 /* WKFAllMyDemos.xcdatamodeld */ = {
			isa = XCVersionGroup;
			children = (
				9AB0639A1D7D404400AAEED5 /* WKFAllMyDemos.xcdatamodel */,
			);
			currentVersion = 9AB0639A1D7D404400AAEED5 /* WKFAllMyDemos.xcdatamodel */;
			path = WKFAllMyDemos.xcdatamodeld;
			sourceTree = "<group>";
			versionGroupType = wrapper.xcdatamodel;
		};
/* End XCVersionGroup section */
	};
	rootObject = 9AB063821D7D404400AAEED5 /* Project object */;
}
